
Microsoft Visual Studio Solution File, Format Version 12.00
# Visual Studio Version 16
VisualStudioVersion = 16.0.31424.327
MinimumVisualStudioVersion = 10.0.40219.1
Project("{FAE04EC0-301F-11D3-BF4B-00C04F79EFBC}") = "ExpertsDirectory.Server", "ExpertsDirectory\Server\ExpertsDirectory.Server.csproj", "{87B073EE-3BA4-46AE-955C-5B9A72A80A3C}"
EndProject
Project("{FAE04EC0-301F-11D3-BF4B-00C04F79EFBC}") = "ExpertsDirectory.Client", "ExpertsDirectory\Client\ExpertsDirectory.Client.csproj", "{FCF7FA61-AE02-4C64-A310-9FD51812C8C3}"
EndProject
Project("{FAE04EC0-301F-11D3-BF4B-00C04F79EFBC}") = "ExpertsDirectory.Shared", "ExpertsDirectory\Shared\ExpertsDirectory.Shared.csproj", "{B0D51ED4-B191-40C4-927E-53EC0DE5C6A7}"
EndProject
Global
	GlobalSection(SolutionConfigurationPlatforms) = preSolution
		Debug|Any CPU = Debug|Any CPU
		Release|Any CPU = Release|Any CPU
	EndGlobalSection
	GlobalSection(ProjectConfigurationPlatforms) = postSolution
		{87B073EE-3BA4-46AE-955C-5B9A72A80A3C}.Debug|Any CPU.ActiveCfg = Debug|Any CPU
		{87B073EE-3BA4-46AE-955C-5B9A72A80A3C}.Debug|Any CPU.Build.0 = Debug|Any CPU
		{87B073EE-3BA4-46AE-955C-5B9A72A80A3C}.Release|Any CPU.ActiveCfg = Release|Any CPU
		{87B073EE-3BA4-46AE-955C-5B9A72A80A3C}.Release|Any CPU.Build.0 = Release|Any CPU
		{FCF7FA61-AE02-4C64-A310-9FD51812C8C3}.Debug|Any CPU.ActiveCfg = Debug|Any CPU
		{FCF7FA61-AE02-4C64-A310-9FD51812C8C3}.Debug|Any CPU.Build.0 = Debug|Any CPU
		{FCF7FA61-AE02-4C64-A310-9FD51812C8C3}.Release|Any CPU.ActiveCfg = Release|Any CPU
		{FCF7FA61-AE02-4C64-A310-9FD51812C8C3}.Release|Any CPU.Build.0 = Release|Any CPU
		{B0D51ED4-B191-40C4-927E-53EC0DE5C6A7}.Debug|Any CPU.ActiveCfg = Debug|Any CPU
		{B0D51ED4-B191-40C4-927E-53EC0DE5C6A7}.Debug|Any CPU.Build.0 = Debug|Any CPU
		{B0D51ED4-B191-40C4-927E-53EC0DE5C6A7}.Release|Any CPU.ActiveCfg = Release|Any CPU
		{B0D51ED4-B191-40C4-927E-53EC0DE5C6A7}.Release|Any CPU.Build.0 = Release|Any CPU
	EndGlobalSection
	GlobalSection(SolutionProperties) = preSolution
		HideSolutionNode = FALSE
	EndGlobalSection
	GlobalSection(ExtensibilityGlobals) = postSolution
		SolutionGuid = {202B39A1-9CE8-4A65-AB35-C633D05C3F61}
	EndGlobalSection
EndGlobal
